Microsoft Visual Studio Solution File, Format Version 8.00
Project("{8BC9CEB8-8B4A-11D0-8D11-00A0C91BC942}") = "iof_test", "test.vcproj", "{3F1805C5-C687-45CA-82F0-E467AE563E26}"
	ProjectSection(ProjectDependencies) = postProject
	EndProjectSection
EndProject
Project("{8BC9CEB8-8B4A-11D0-8D11-00A0C91BC942}") = "iof_perf", "perf.vcproj", "{3F1805C5-C687-45CA-82F0-E467AE563E26}"
	ProjectSection(ProjectDependencies) = postProject
	EndProjectSection
EndProject
Global
	GlobalSection(SolutionConfiguration) = preSolution
		Debug = Debug
		Release = Release
	EndGlobalSection
	GlobalSection(ProjectConfiguration) = postSolution
		{3F1805C5-C687-45CA-82F0-E467AE563E26}.Debug.ActiveCfg = Debug|Win32
		{3F1805C5-C687-45CA-82F0-E467AE563E26}.Debug.Build.0 = Debug|Win32
		{3F1805C5-C687-45CA-82F0-E467AE563E26}.Release.ActiveCfg = Release|Win32
		{3F1805C5-C687-45CA-82F0-E467AE563E26}.Release.Build.0 = Release|Win32
		{3F1805C5-C687-45CA-82F0-E467AE563E26}.Debug.ActiveCfg = Release|Win32
		{3F1805C5-C687-45CA-82F0-E467AE563E26}.Debug.Build.0 = Release|Win32
		{3F1805C5-C687-45CA-82F0-E467AE563E26}.Release.ActiveCfg = Release|Win32
		{3F1805C5-C687-45CA-82F0-E467AE563E26}.Release.Build.0 = Release|Win32
	EndGlobalSection
	GlobalSection(ExtensibilityGlobals) = postSolution
	EndGlobalSection
	GlobalSection(ExtensibilityAddIns) = postSolution
	EndGlobalSection
EndGlobal
